{
  "requires": true,
  "lockfileVersion": 1,
  "dependencies": {
    "vue-native-websocket": {
      "version": "2.0.5",
      "resolved": "https://registry.npmjs.org/vue-native-websocket/-/vue-native-websocket-2.0.5.tgz",
      "integrity": "sha512-qtfIqgSjSbTEI1hzaRwt3QQJfKAGtk6ECbIeSoAbqu8TrUhPGpb9GEhUsjAzYa6Z6jOnqfuRzA0cCajl3MszFQ=="
    },
    "vuex": {
      "version": "3.0.1",
      "resolved": "https://registry.npmjs.org/vuex/-/vuex-3.0.1.tgz",
      "integrity": "sha512-wLoqz0B7DSZtgbWL1ShIBBCjv22GV5U+vcBFox658g6V0s4wZV9P4YjCNyoHSyIBpj1f29JBoNQIqD82cR4O3w=="
    }
  }
}
